PODS:
  - Alamofire (5.0.0-beta.3)

DEPENDENCIES:
  - Alamofire (= 5.0.0-beta.3)

SPEC REPOS:
  https://github.com/CocoaPods/Specs.git:
    - Alamofire

SPEC CHECKSUMS:
  Alamofire: 50d6fa7e8cbe7f84559e86ab641ffd029db655f8

PODFILE CHECKSUM: e55d5e1fd99aabf8a108b9b9150120f666b9a95e

COCOAPODS: 1.5.0
